
Microsoft Visual Studio Solution File, Format Version 12.00
# Visual Studio Version 17
VisualStudioVersion = 17.7.34024.191
MinimumVisualStudioVersion = 10.0.40219.1
Project("{8BC9CEB8-8B4A-11D0-8D11-00A0C91BC942}") = "test20230915", "test20230915\test20230915.vcxproj", "{3E6F3FBE-8FBA-4B23-AC26-5D64D5C25007}"
EndProject
Global
	GlobalSection(SolutionConfigurationPlatforms) = preSolution
		Debug|x64 = Debug|x64
		Debug|x86 = Debug|x86
		Release|x64 = Release|x64
		Release|x86 = Release|x86
	EndGlobalSection
	GlobalSection(ProjectConfigurationPlatforms) = postSolution
		{3E6F3FBE-8FBA-4B23-AC26-5D64D5C25007}.Debug|x64.ActiveCfg = Debug|x64
		{3E6F3FBE-8FBA-4B23-AC26-5D64D5C25007}.Debug|x64.Build.0 = Debug|x64
		{3E6F3FBE-8FBA-4B23-AC26-5D64D5C25007}.Debug|x86.ActiveCfg = Debug|Win32
		{3E6F3FBE-8FBA-4B23-AC26-5D64D5C25007}.Debug|x86.Build.0 = Debug|Win32
		{3E6F3FBE-8FBA-4B23-AC26-5D64D5C25007}.Release|x64.ActiveCfg = Release|x64
		{3E6F3FBE-8FBA-4B23-AC26-5D64D5C25007}.Release|x64.Build.0 = Release|x64
		{3E6F3FBE-8FBA-4B23-AC26-5D64D5C25007}.Release|x86.ActiveCfg = Release|Win32
		{3E6F3FBE-8FBA-4B23-AC26-5D64D5C25007}.Release|x86.Build.0 = Release|Win32
	EndGlobalSection
	GlobalSection(SolutionProperties) = preSolution
		HideSolutionNode = FALSE
	EndGlobalSection
	GlobalSection(ExtensibilityGlobals) = postSolution
		SolutionGuid = {BD720F29-6999-47F3-807F-3A6DE7FC7897}
	EndGlobalSection
EndGlobal
