
Microsoft Visual Studio Solution File, Format Version 12.00
# Visual Studio Version 17
VisualStudioVersion = 17.7.34031.279
MinimumVisualStudioVersion = 10.0.40219.1
Project("{8BC9CEB8-8B4A-11D0-8D11-00A0C91BC942}") = "test20231019", "test20231019\test20231019.vcxproj", "{026B43C4-8849-40AB-A3C8-F67539922D53}"
EndProject
Global
	GlobalSection(SolutionConfigurationPlatforms) = preSolution
		Debug|x64 = Debug|x64
		Debug|x86 = Debug|x86
		Release|x64 = Release|x64
		Release|x86 = Release|x86
	EndGlobalSection
	GlobalSection(ProjectConfigurationPlatforms) = postSolution
		{026B43C4-8849-40AB-A3C8-F67539922D53}.Debug|x64.ActiveCfg = Debug|x64
		{026B43C4-8849-40AB-A3C8-F67539922D53}.Debug|x64.Build.0 = Debug|x64
		{026B43C4-8849-40AB-A3C8-F67539922D53}.Debug|x86.ActiveCfg = Debug|Win32
		{026B43C4-8849-40AB-A3C8-F67539922D53}.Debug|x86.Build.0 = Debug|Win32
		{026B43C4-8849-40AB-A3C8-F67539922D53}.Release|x64.ActiveCfg = Release|x64
		{026B43C4-8849-40AB-A3C8-F67539922D53}.Release|x64.Build.0 = Release|x64
		{026B43C4-8849-40AB-A3C8-F67539922D53}.Release|x86.ActiveCfg = Release|Win32
		{026B43C4-8849-40AB-A3C8-F67539922D53}.Release|x86.Build.0 = Release|Win32
	EndGlobalSection
	GlobalSection(SolutionProperties) = preSolution
		HideSolutionNode = FALSE
	EndGlobalSection
	GlobalSection(ExtensibilityGlobals) = postSolution
		SolutionGuid = {023E7F9E-7934-4387-99A6-BE3011337EDC}
	EndGlobalSection
EndGlobal
