
Microsoft Visual Studio Solution File, Format Version 12.00
# Visual Studio Version 17
VisualStudioVersion = 17.9.34607.119
MinimumVisualStudioVersion = 10.0.40219.1
Project("{8BC9CEB8-8B4A-11D0-8D11-00A0C91BC942}") = "test20240525", "test20240525\test20240525.vcxproj", "{A0434A3D-2184-4CE5-83CE-C1B174A063D4}"
EndProject
Global
	GlobalSection(SolutionConfigurationPlatforms) = preSolution
		Debug|x64 = Debug|x64
		Debug|x86 = Debug|x86
		Release|x64 = Release|x64
		Release|x86 = Release|x86
	EndGlobalSection
	GlobalSection(ProjectConfigurationPlatforms) = postSolution
		{A0434A3D-2184-4CE5-83CE-C1B174A063D4}.Debug|x64.ActiveCfg = Debug|x64
		{A0434A3D-2184-4CE5-83CE-C1B174A063D4}.Debug|x64.Build.0 = Debug|x64
		{A0434A3D-2184-4CE5-83CE-C1B174A063D4}.Debug|x86.ActiveCfg = Debug|Win32
		{A0434A3D-2184-4CE5-83CE-C1B174A063D4}.Debug|x86.Build.0 = Debug|Win32
		{A0434A3D-2184-4CE5-83CE-C1B174A063D4}.Release|x64.ActiveCfg = Release|x64
		{A0434A3D-2184-4CE5-83CE-C1B174A063D4}.Release|x64.Build.0 = Release|x64
		{A0434A3D-2184-4CE5-83CE-C1B174A063D4}.Release|x86.ActiveCfg = Release|Win32
		{A0434A3D-2184-4CE5-83CE-C1B174A063D4}.Release|x86.Build.0 = Release|Win32
	EndGlobalSection
	GlobalSection(SolutionProperties) = preSolution
		HideSolutionNode = FALSE
	EndGlobalSection
	GlobalSection(ExtensibilityGlobals) = postSolution
		SolutionGuid = {04835C64-5F6B-4431-BBFD-CD7F0CE58A5E}
	EndGlobalSection
EndGlobal
